// !$*UTF8*$!
{
	archiveVersion = 1;
	classes = {
	};
	objectVersion = 46;
	objects = {

/* Begin PBXBuildFile section */
		3C02AFD41FA919C30053C191 /* iDENodeEngine.cpp in Sources */ = {isa = PBXBuildFile; fileRef = 3C02AFD31FA919C30053C191 /* iDENodeEngine.cpp */; };
		BA44BA4E269DEBD2007B709E /* libuvwasi.a in Frameworks */ = {isa = PBXBuildFile; fileRef = BA44BA3A269DEBD1007B709E /* libuvwasi.a */; };
		BA44BA50269DEBD5007B709E /* libllhttp.a in Frameworks */ = {isa = PBXBuildFile; fileRef = BA44BA3C269DEBD2007B709E /* libllhttp.a */; };
		BA44BA51269DEBD5007B709E /* libhistogram.a in Frameworks */ = {isa = PBXBuildFile; fileRef = BA44BA3D269DEBD2007B709E /* libhistogram.a */; };
		BA44BA53269DEBD5007B709E /* libv8_zlib.a in Frameworks */ = {isa = PBXBuildFile; fileRef = BA44BA3F269DEBD2007B709E /* libv8_zlib.a */; };
		BA44BA54269DEBD6007B709E /* libnode.a in Frameworks */ = {isa = PBXBuildFile; fileRef = BA44BA40269DEBD2007B709E /* libnode.a */; };
		BA44BA55269DEBD6007B709E /* libnghttp2.a in Frameworks */ = {isa = PBXBuildFile; fileRef = BA44BA41269DEBD2007B709E /* libnghttp2.a */; };
		BA44BA56269DEBF0007B709E /* libv8_base_without_compiler.a in Frameworks */ = {isa = PBXBuildFile; fileRef = BA44BA42269DEBD2007B709E /* libv8_base_without_compiler.a */; };
		BA44BA57269DEBF0007B709E /* libbrotli.a in Frameworks */ = {isa = PBXBuildFile; fileRef = BA44BA43269DEBD2007B709E /* libbrotli.a */; };
		BA44BA58269DEBF0007B709E /* libv8_libplatform.a in Frameworks */ = {isa = PBXBuildFile; fileRef = BA44BA44269DEBD2007B709E /* libv8_libplatform.a */; };
		BA44BA59269DEBF0007B709E /* libv8_libbase.a in Frameworks */ = {isa = PBXBuildFile; fileRef = BA44BA45269DEBD2007B709E /* libv8_libbase.a */; };
		BA44BA5A269DEBF0007B709E /* libuv.a in Frameworks */ = {isa = PBXBuildFile; fileRef = BA44BA46269DEBD2007B709E /* libuv.a */; };
		BA44BA5B269DEBF0007B709E /* libtorque_base.a in Frameworks */ = {isa = PBXBuildFile; fileRef = BA44BA47269DEBD2007B709E /* libtorque_base.a */; };
		BA44BA5C269DEBF0007B709E /* libv8_libsampler.a in Frameworks */ = {isa = PBXBuildFile; fileRef = BA44BA48269DEBD2007B709E /* libv8_libsampler.a */; };
		BA44BA5D269DEC04007B709E /* libv8_initializers.a in Frameworks */ = {isa = PBXBuildFile; fileRef = BA44BA49269DEBD2007B709E /* libv8_initializers.a */; };
		BA44BA5E269DEC05007B709E /* libopenssl.a in Frameworks */ = {isa = PBXBuildFile; fileRef = BA44BA4A269DEBD2007B709E /* libopenssl.a */; };
		BA44BA5F269DEC05007B709E /* libzlib.a in Frameworks */ = {isa = PBXBuildFile; fileRef = BA44BA4B269DEBD2007B709E /* libzlib.a */; };
		BA44BA61269DEC05007B709E /* libcares.a in Frameworks */ = {isa = PBXBuildFile; fileRef = BA44BA4D269DEBD2007B709E /* libcares.a */; };
		BAF44F4E269DEDEA00E2A92E /* libv8_snapshot.a in Frameworks */ = {isa = PBXBuildFile; fileRef = BAF44F4D269DEDEA00E2A92E /* libv8_snapshot.a */; };
		BAF44F50269DEE2300E2A92E /* libv8_compiler.a in Frameworks */ = {isa = PBXBuildFile; fileRef = BAF44F4F269DEE2300E2A92E /* libv8_compiler.a */; };
		D9A7619D1F7C63A8006AFE86 /* CoreFoundation.framework in Frameworks */ = {isa = PBXBuildFile; fileRef = 331917C21EC4702A00F93D52 /* CoreFoundation.framework */; };
		D9A762281F7C675E006097B1 /* iDENodeEngine.h in Headers */ = {isa = PBXBuildFile; fileRef = D9A762261F7C674F006097B1 /* iDENodeEngine.h */; settings = {ATTRIBUTES = (Public, ); }; };
/* End PBXBuildFile section */

/* Begin PBXFileReference section */
		331917C21EC4702A00F93D52 /* CoreFoundation.framework */ = {isa = PBXFileReference; lastKnownFileType = wrapper.framework; name = CoreFoundation.framework; path = System/Library/Frameworks/CoreFoundation.framework; sourceTree = SDKROOT; };
		3C02AFD31FA919C30053C191 /* iDENodeEngine.cpp */ = {isa = PBXFileReference; lastKnownFileType = sourcecode.cpp.cpp; path = iDENodeEngine.cpp; sourceTree = "<group>"; };
		BA44BA3A269DEBD1007B709E /* libuvwasi.a */ = {isa = PBXFileReference; lastKnownFileType = archive.ar; name = libuvwasi.a; path = ../../Desktop/NodeJsIOS/universal/libuvwasi.a; sourceTree = "<group>"; };
		BA44BA3C269DEBD2007B709E /* libllhttp.a */ = {isa = PBXFileReference; lastKnownFileType = archive.ar; name = libllhttp.a; path = ../../Desktop/NodeJsIOS/universal/libllhttp.a; sourceTree = "<group>"; };
		BA44BA3D269DEBD2007B709E /* libhistogram.a */ = {isa = PBXFileReference; lastKnownFileType = archive.ar; name = libhistogram.a; path = ../../Desktop/NodeJsIOS/universal/libhistogram.a; sourceTree = "<group>"; };
		BA44BA3F269DEBD2007B709E /* libv8_zlib.a */ = {isa = PBXFileReference; lastKnownFileType = archive.ar; name = libv8_zlib.a; path = ../../Desktop/NodeJsIOS/universal/libv8_zlib.a; sourceTree = "<group>"; };
		BA44BA40269DEBD2007B709E /* libnode.a */ = {isa = PBXFileReference; lastKnownFileType = archive.ar; name = libnode.a; path = ../../Desktop/NodeJsIOS/universal/libnode.a; sourceTree = "<group>"; };
		BA44BA41269DEBD2007B709E /* libnghttp2.a */ = {isa = PBXFileReference; lastKnownFileType = archive.ar; name = libnghttp2.a; path = ../../Desktop/NodeJsIOS/universal/libnghttp2.a; sourceTree = "<group>"; };
		BA44BA42269DEBD2007B709E /* libv8_base_without_compiler.a */ = {isa = PBXFileReference; lastKnownFileType = archive.ar; name = libv8_base_without_compiler.a; path = ../../Desktop/NodeJsIOS/universal/libv8_base_without_compiler.a; sourceTree = "<group>"; };
		BA44BA43269DEBD2007B709E /* libbrotli.a */ = {isa = PBXFileReference; lastKnownFileType = archive.ar; name = libbrotli.a; path = ../../Desktop/NodeJsIOS/universal/libbrotli.a; sourceTree = "<group>"; };
		BA44BA44269DEBD2007B709E /* libv8_libplatform.a */ = {isa = PBXFileReference; lastKnownFileType = archive.ar; name = libv8_libplatform.a; path = ../../Desktop/NodeJsIOS/universal/libv8_libplatform.a; sourceTree = "<group>"; };
		BA44BA45269DEBD2007B709E /* libv8_libbase.a */ = {isa = PBXFileReference; lastKnownFileType = archive.ar; name = libv8_libbase.a; path = ../../Desktop/NodeJsIOS/universal/libv8_libbase.a; sourceTree = "<group>"; };
		BA44BA46269DEBD2007B709E /* libuv.a */ = {isa = PBXFileReference; lastKnownFileType = archive.ar; name = libuv.a; path = ../../Desktop/NodeJsIOS/universal/libuv.a; sourceTree = "<group>"; };
		BA44BA47269DEBD2007B709E /* libtorque_base.a */ = {isa = PBXFileReference; lastKnownFileType = archive.ar; name = libtorque_base.a; path = ../../Desktop/NodeJsIOS/universal/libtorque_base.a; sourceTree = "<group>"; };
		BA44BA48269DEBD2007B709E /* libv8_libsampler.a */ = {isa = PBXFileReference; lastKnownFileType = archive.ar; name = libv8_libsampler.a; path = ../../Desktop/NodeJsIOS/universal/libv8_libsampler.a; sourceTree = "<group>"; };
		BA44BA49269DEBD2007B709E /* libv8_initializers.a */ = {isa = PBXFileReference; lastKnownFileType = archive.ar; name = libv8_initializers.a; path = ../../Desktop/NodeJsIOS/universal/libv8_initializers.a; sourceTree = "<group>"; };
		BA44BA4A269DEBD2007B709E /* libopenssl.a */ = {isa = PBXFileReference; lastKnownFileType = archive.ar; name = libopenssl.a; path = ../../Desktop/NodeJsIOS/universal/libopenssl.a; sourceTree = "<group>"; };
		BA44BA4B269DEBD2007B709E /* libzlib.a */ = {isa = PBXFileReference; lastKnownFileType = archive.ar; name = libzlib.a; path = ../../Desktop/NodeJsIOS/universal/libzlib.a; sourceTree = "<group>"; };
		BA44BA4D269DEBD2007B709E /* libcares.a */ = {isa = PBXFileReference; lastKnownFileType = archive.ar; name = libcares.a; path = ../../Desktop/NodeJsIOS/universal/libcares.a; sourceTree = "<group>"; };
		BAF44F4D269DEDEA00E2A92E /* libv8_snapshot.a */ = {isa = PBXFileReference; lastKnownFileType = archive.ar; name = libv8_snapshot.a; path = ../../Desktop/NodeJsIOS/universal/libv8_snapshot.a; sourceTree = "<group>"; };
		BAF44F4F269DEE2300E2A92E /* libv8_compiler.a */ = {isa = PBXFileReference; lastKnownFileType = archive.ar; name = libv8_compiler.a; path = ../../Desktop/NodeJsIOS/universal/libv8_compiler.a; sourceTree = "<group>"; };
		D9A761AE1F7C63A8006AFE86 /* iDENodeEngine.framework */ = {isa = PBXFileReference; explicitFileType = wrapper.framework; includeInIndex = 0; path = iDENodeEngine.framework; sourceTree = BUILT_PRODUCTS_DIR; };
		D9A762251F7C674F006097B1 /* Info.plist */ = {isa = PBXFileReference; lastKnownFileType = text.plist.xml; path = Info.plist; sourceTree = "<group>"; };
		D9A762261F7C674F006097B1 /* iDENodeEngine.h */ = {isa = PBXFileReference; lastKnownFileType = sourcecode.c.h; path = iDENodeEngine.h; sourceTree = "<group>"; };
/* End PBXFileReference section */

/* Begin PBXFrameworksBuildPhase section */
		D9A7619C1F7C63A8006AFE86 /* Frameworks */ = {
			isa = PBXFrameworksBuildPhase;
			buildActionMask = 2147483647;
			files = (
				BA44BA57269DEBF0007B709E /* libbrotli.a in Frameworks */,
				BA44BA4E269DEBD2007B709E /* libuvwasi.a in Frameworks */,
				BA44BA5E269DEC05007B709E /* libopenssl.a in Frameworks */,
				BA44BA50269DEBD5007B709E /* libllhttp.a in Frameworks */,
				BA44BA53269DEBD5007B709E /* libv8_zlib.a in Frameworks */,
				BA44BA55269DEBD6007B709E /* libnghttp2.a in Frameworks */,
				BA44BA51269DEBD5007B709E /* libhistogram.a in Frameworks */,
				BA44BA58269DEBF0007B709E /* libv8_libplatform.a in Frameworks */,
				BA44BA5C269DEBF0007B709E /* libv8_libsampler.a in Frameworks */,
				BAF44F4E269DEDEA00E2A92E /* libv8_snapshot.a in Frameworks */,
				BAF44F50269DEE2300E2A92E /* libv8_compiler.a in Frameworks */,
				BA44BA61269DEC05007B709E /* libcares.a in Frameworks */,
				BA44BA54269DEBD6007B709E /* libnode.a in Frameworks */,
				D9A7619D1F7C63A8006AFE86 /* CoreFoundation.framework in Frameworks */,
				BA44BA5F269DEC05007B709E /* libzlib.a in Frameworks */,
				BA44BA5B269DEBF0007B709E /* libtorque_base.a in Frameworks */,
				BA44BA5D269DEC04007B709E /* libv8_initializers.a in Frameworks */,
				BA44BA5A269DEBF0007B709E /* libuv.a in Frameworks */,
				BA44BA56269DEBF0007B709E /* libv8_base_without_compiler.a in Frameworks */,
				BA44BA59269DEBF0007B709E /* libv8_libbase.a in Frameworks */,
			);
			runOnlyForDeploymentPostprocessing = 0;
		};
/* End PBXFrameworksBuildPhase section */

/* Begin PBXGroup section */
		3376C9031EC391130007AD59 = {
			isa = PBXGroup;
			children = (
				D9A762241F7C674F006097B1 /* iDENodeEngine */,
				3376C90E1EC391130007AD59 /* Products */,
				3376C9181EC3922E0007AD59 /* Frameworks */,
			);
			sourceTree = "<group>";
		};
		3376C90E1EC391130007AD59 /* Products */ = {
			isa = PBXGroup;
			children = (
				D9A761AE1F7C63A8006AFE86 /* iDENodeEngine.framework */,
			);
			name = Products;
			sourceTree = "<group>";
		};
		3376C9181EC3922E0007AD59 /* Frameworks */ = {
			isa = PBXGroup;
			children = (
				BAF44F4F269DEE2300E2A92E /* libv8_compiler.a */,
				BAF44F4D269DEDEA00E2A92E /* libv8_snapshot.a */,
				BA44BA42269DEBD2007B709E /* libv8_base_without_compiler.a */,
				BA44BA43269DEBD2007B709E /* libbrotli.a */,
				BA44BA4D269DEBD2007B709E /* libcares.a */,
				BA44BA3D269DEBD2007B709E /* libhistogram.a */,
				BA44BA3C269DEBD2007B709E /* libllhttp.a */,
				BA44BA41269DEBD2007B709E /* libnghttp2.a */,
				BA44BA40269DEBD2007B709E /* libnode.a */,
				BA44BA4A269DEBD2007B709E /* libopenssl.a */,
				BA44BA47269DEBD2007B709E /* libtorque_base.a */,
				BA44BA46269DEBD2007B709E /* libuv.a */,
				BA44BA49269DEBD2007B709E /* libv8_initializers.a */,
				BA44BA45269DEBD2007B709E /* libv8_libbase.a */,
				BA44BA3A269DEBD1007B709E /* libuvwasi.a */,
				BA44BA44269DEBD2007B709E /* libv8_libplatform.a */,
				BA44BA48269DEBD2007B709E /* libv8_libsampler.a */,
				BA44BA3F269DEBD2007B709E /* libv8_zlib.a */,
				BA44BA4B269DEBD2007B709E /* libzlib.a */,
				331917C21EC4702A00F93D52 /* CoreFoundation.framework */,
			);
			name = Frameworks;
			sourceTree = "<group>";
		};
		D9A762241F7C674F006097B1 /* iDENodeEngine */ = {
			isa = PBXGroup;
			children = (
				D9A762251F7C674F006097B1 /* Info.plist */,
				D9A762261F7C674F006097B1 /* iDENodeEngine.h */,
				3C02AFD31FA919C30053C191 /* iDENodeEngine.cpp */,
			);
			path = iDENodeEngine;
			sourceTree = "<group>";
		};
/* End PBXGroup section */

/* Begin PBXHeadersBuildPhase section */
		D9A761A71F7C63A8006AFE86 /* Headers */ = {
			isa = PBXHeadersBuildPhase;
			buildActionMask = 2147483647;
			files = (
				D9A762281F7C675E006097B1 /* iDENodeEngine.h in Headers */,
			);
			runOnlyForDeploymentPostprocessing = 0;
		};
/* End PBXHeadersBuildPhase section */

/* Begin PBXNativeTarget section */
		D9A7619A1F7C63A8006AFE86 /* iDENodeEngine */ = {
			isa = PBXNativeTarget;
			buildConfigurationList = D9A761AB1F7C63A8006AFE86 /* Build configuration list for PBXNativeTarget "iDENodeEngine" */;
			buildPhases = (
				D9A7619B1F7C63A8006AFE86 /* Sources */,
				D9A7619C1F7C63A8006AFE86 /* Frameworks */,
				D9A761A71F7C63A8006AFE86 /* Headers */,
				D9A761AA1F7C63A8006AFE86 /* Resources */,
			);
			buildRules = (
			);
			dependencies = (
			);
			name = iDENodeEngine;
			productName = nodeLib;
			productReference = D9A761AE1F7C63A8006AFE86 /* iDENodeEngine.framework */;
			productType = "com.apple.product-type.framework";
		};
/* End PBXNativeTarget section */

/* Begin PBXProject section */
		3376C9041EC391130007AD59 /* Project object */ = {
			isa = PBXProject;
			attributes = {
				LastUpgradeCheck = 0900;
				ORGANIZATIONNAME = "Dora Lee";
				TargetAttributes = {
					D9A7619A1F7C63A8006AFE86 = {
						ProvisioningStyle = Automatic;
					};
				};
			};
			buildConfigurationList = 3376C9071EC391130007AD59 /* Build configuration list for PBXProject "iDENodeEngine" */;
			compatibilityVersion = "Xcode 3.2";
			developmentRegion = English;
			hasScannedForEncodings = 0;
			knownRegions = (
				English,
				en,
			);
			mainGroup = 3376C9031EC391130007AD59;
			productRefGroup = 3376C90E1EC391130007AD59 /* Products */;
			projectDirPath = "";
			projectRoot = "";
			targets = (
				D9A7619A1F7C63A8006AFE86 /* iDENodeEngine */,
			);
		};
/* End PBXProject section */

/* Begin PBXResourcesBuildPhase section */
		D9A761AA1F7C63A8006AFE86 /* Resources */ = {
			isa = PBXResourcesBuildPhase;
			buildActionMask = 2147483647;
			files = (
			);
			runOnlyForDeploymentPostprocessing = 0;
		};
/* End PBXResourcesBuildPhase section */

/* Begin PBXSourcesBuildPhase section */
		D9A7619B1F7C63A8006AFE86 /* Sources */ = {
			isa = PBXSourcesBuildPhase;
			buildActionMask = 2147483647;
			files = (
				3C02AFD41FA919C30053C191 /* iDENodeEngine.cpp in Sources */,
			);
			runOnlyForDeploymentPostprocessing = 0;
		};
/* End PBXSourcesBuildPhase section */

/* Begin XCBuildConfiguration section */
		3376C9131EC391130007AD59 /* Debug */ = {
			isa = XCBuildConfiguration;
			buildSettings = {
				ALWAYS_SEARCH_USER_PATHS = NO;
				CLANG_ANALYZER_NONNULL = YES;
				CLANG_ANALYZER_NUMBER_OBJECT_CONVERSION = YES_AGGRESSIVE;
				CLANG_CXX_LANGUAGE_STANDARD = "gnu++0x";
				CLANG_CXX_LIBRARY = "libc++";
				CLANG_ENABLE_MODULES = YES;
				CLANG_ENABLE_OBJC_ARC = YES;
				CLANG_WARN_BLOCK_CAPTURE_AUTORELEASING = YES;
				CLANG_WARN_BOOL_CONVERSION = YES;
				CLANG_WARN_COMMA = YES;
				CLANG_WARN_CONSTANT_CONVERSION = YES;
				CLANG_WARN_DIRECT_OBJC_ISA_USAGE = YES_ERROR;
				CLANG_WARN_DOCUMENTATION_COMMENTS = YES;
				CLANG_WARN_EMPTY_BODY = YES;
				CLANG_WARN_ENUM_CONVERSION = YES;
				CLANG_WARN_INFINITE_RECURSION = YES;
				CLANG_WARN_INT_CONVERSION = YES;
				CLANG_WARN_NON_LITERAL_NULL_CONVERSION = YES;
				CLANG_WARN_OBJC_LITERAL_CONVERSION = YES;
				CLANG_WARN_OBJC_ROOT_CLASS = YES_ERROR;
				CLANG_WARN_RANGE_LOOP_ANALYSIS = YES;
				CLANG_WARN_STRICT_PROTOTYPES = YES;
				CLANG_WARN_SUSPICIOUS_MOVE = YES;
				CLANG_WARN_UNREACHABLE_CODE = YES;
				CLANG_WARN__DUPLICATE_METHOD_MATCH = YES;
				"CODE_SIGN_IDENTITY[sdk=iphoneos*]" = "iPhone Developer";
				COPY_PHASE_STRIP = NO;
				CURRENT_PROJECT_VERSION = 1;
				DEBUG_INFORMATION_FORMAT = dwarf;
				ENABLE_STRICT_OBJC_MSGSEND = YES;
				ENABLE_TESTABILITY = YES;
				GCC_C_LANGUAGE_STANDARD = gnu99;
				GCC_DYNAMIC_NO_PIC = NO;
				GCC_NO_COMMON_BLOCKS = YES;
				GCC_OPTIMIZATION_LEVEL = 0;
				GCC_PREPROCESSOR_DEFINITIONS = (
					"DEBUG=1",
					"$(inherited)",
				);
				GCC_WARN_64_TO_32_BIT_CONVERSION = YES;
				GCC_WARN_ABOUT_RETURN_TYPE = YES_ERROR;
				GCC_WARN_UNDECLARED_SELECTOR = YES;
				GCC_WARN_UNINITIALIZED_AUTOS = YES_AGGRESSIVE;
				GCC_WARN_UNUSED_FUNCTION = YES;
				GCC_WARN_UNUSED_VARIABLE = YES;
				IPHONEOS_DEPLOYMENT_TARGET = 9.0;
				MTL_ENABLE_DEBUG_INFO = YES;
				ONLY_ACTIVE_ARCH = YES;
				SDKROOT = iphoneos;
				TARGETED_DEVICE_FAMILY = "1,2";
				VALID_ARCHS = arm64;
				VERSIONING_SYSTEM = "apple-generic";
				VERSION_INFO_PREFIX = "";
			};
			name = Debug;
		};
		3376C9141EC391130007AD59 /* Release */ = {
			isa = XCBuildConfiguration;
			buildSettings = {
				ALWAYS_SEARCH_USER_PATHS = NO;
				CLANG_ANALYZER_NONNULL = YES;
				CLANG_ANALYZER_NUMBER_OBJECT_CONVERSION = YES_AGGRESSIVE;
				CLANG_CXX_LANGUAGE_STANDARD = "gnu++0x";
				CLANG_CXX_LIBRARY = "libc++";
				CLANG_ENABLE_MODULES = YES;
				CLANG_ENABLE_OBJC_ARC = YES;
				CLANG_WARN_BLOCK_CAPTURE_AUTORELEASING = YES;
				CLANG_WARN_BOOL_CONVERSION = YES;
				CLANG_WARN_COMMA = YES;
				CLANG_WARN_CONSTANT_CONVERSION = YES;
				CLANG_WARN_DIRECT_OBJC_ISA_USAGE = YES_ERROR;
				CLANG_WARN_DOCUMENTATION_COMMENTS = YES;
				CLANG_WARN_EMPTY_BODY = YES;
				CLANG_WARN_ENUM_CONVERSION = YES;
				CLANG_WARN_INFINITE_RECURSION = YES;
				CLANG_WARN_INT_CONVERSION = YES;
				CLANG_WARN_NON_LITERAL_NULL_CONVERSION = YES;
				CLANG_WARN_OBJC_LITERAL_CONVERSION = YES;
				CLANG_WARN_OBJC_ROOT_CLASS = YES_ERROR;
				CLANG_WARN_RANGE_LOOP_ANALYSIS = YES;
				CLANG_WARN_STRICT_PROTOTYPES = YES;
				CLANG_WARN_SUSPICIOUS_MOVE = YES;
				CLANG_WARN_UNREACHABLE_CODE = YES;
				CLANG_WARN__DUPLICATE_METHOD_MATCH = YES;
				"CODE_SIGN_IDENTITY[sdk=iphoneos*]" = "iPhone Developer";
				COPY_PHASE_STRIP = NO;
				CURRENT_PROJECT_VERSION = 1;
				DEBUG_INFORMATION_FORMAT = "dwarf-with-dsym";
				ENABLE_NS_ASSERTIONS = NO;
				ENABLE_STRICT_OBJC_MSGSEND = YES;
				GCC_C_LANGUAGE_STANDARD = gnu99;
				GCC_NO_COMMON_BLOCKS = YES;
				GCC_WARN_64_TO_32_BIT_CONVERSION = YES;
				GCC_WARN_ABOUT_RETURN_TYPE = YES_ERROR;
				GCC_WARN_UNDECLARED_SELECTOR = YES;
				GCC_WARN_UNINITIALIZED_AUTOS = YES_AGGRESSIVE;
				GCC_WARN_UNUSED_FUNCTION = YES;
				GCC_WARN_UNUSED_VARIABLE = YES;
				IPHONEOS_DEPLOYMENT_TARGET = 9.0;
				MTL_ENABLE_DEBUG_INFO = NO;
				SDKROOT = iphoneos;
				TARGETED_DEVICE_FAMILY = "1,2";
				VALIDATE_PRODUCT = YES;
				VALID_ARCHS = arm64;
				VERSIONING_SYSTEM = "apple-generic";
				VERSION_INFO_PREFIX = "";
			};
			name = Release;
		};
		D9A761AC1F7C63A8006AFE86 /* Debug */ = {
			isa = XCBuildConfiguration;
			buildSettings = {
				APPLICATION_EXTENSION_API_ONLY = YES;
				CODE_SIGN_IDENTITY = "";
				"CODE_SIGN_IDENTITY[sdk=iphoneos*]" = "";
				CODE_SIGN_STYLE = Automatic;
				COPY_PHASE_STRIP = YES;
				DEFINES_MODULE = YES;
				DEVELOPMENT_TEAM = "";
				DYLIB_COMPATIBILITY_VERSION = 1;
				DYLIB_CURRENT_VERSION = 1;
				DYLIB_INSTALL_NAME_BASE = "@rpath";
				ENABLE_BITCODE = NO;
				INFOPLIST_FILE = iDENodeEngine/Info.plist;
				INSTALL_PATH = "$(LOCAL_LIBRARY_DIR)/Frameworks";
				IPHONEOS_DEPLOYMENT_TARGET = 9.0;
				LD_RUNPATH_SEARCH_PATHS = "$(inherited) @executable_path/Frameworks @loader_path/Frameworks";
				LIBRARY_SEARCH_PATHS = (
					"$(inherited)",
					"$(PROJECT_DIR)/universal",
				);
				ONLY_ACTIVE_ARCH = YES;
				OTHER_LDFLAGS = (
					"-all_load",
					"-v",
					"-lstdc++",
				);
				PRODUCT_BUNDLE_IDENTIFIER = io.sanghun.ide.iDENodeEngine;
				PRODUCT_NAME = "$(TARGET_NAME)";
				PROVISIONING_PROFILE_SPECIFIER = "";
				SEPARATE_STRIP = YES;
				SKIP_INSTALL = YES;
				STRIP_STYLE = "non-global";
				SUPPORTS_MACCATALYST = NO;
				TARGETED_DEVICE_FAMILY = "1,2";
				VALID_ARCHS = "arm64 x86_64";
			};
			name = Debug;
		};
		D9A761AD1F7C63A8006AFE86 /* Release */ = {
			isa = XCBuildConfiguration;
			buildSettings = {
				APPLICATION_EXTENSION_API_ONLY = YES;
				CODE_SIGN_IDENTITY = "";
				"CODE_SIGN_IDENTITY[sdk=iphoneos*]" = "";
				CODE_SIGN_STYLE = Automatic;
				COPY_PHASE_STRIP = YES;
				DEFINES_MODULE = YES;
				DEVELOPMENT_TEAM = "";
				DYLIB_COMPATIBILITY_VERSION = 1;
				DYLIB_CURRENT_VERSION = 1;
				DYLIB_INSTALL_NAME_BASE = "@rpath";
				ENABLE_BITCODE = NO;
				INFOPLIST_FILE = iDENodeEngine/Info.plist;
				INSTALL_PATH = "$(LOCAL_LIBRARY_DIR)/Frameworks";
				IPHONEOS_DEPLOYMENT_TARGET = 9.0;
				LD_RUNPATH_SEARCH_PATHS = "$(inherited) @executable_path/Frameworks @loader_path/Frameworks";
				LIBRARY_SEARCH_PATHS = (
					"$(inherited)",
					"$(PROJECT_DIR)/universal",
				);
				ONLY_ACTIVE_ARCH = YES;
				OTHER_LDFLAGS = (
					"-all_load",
					"-v",
					"-lstdc++",
				);
				PRODUCT_BUNDLE_IDENTIFIER = io.sanghun.ide.iDENodeEngine;
				PRODUCT_NAME = "$(TARGET_NAME)";
				PROVISIONING_PROFILE_SPECIFIER = "";
				SEPARATE_STRIP = YES;
				SKIP_INSTALL = YES;
				STRIP_STYLE = "non-global";
				SUPPORTS_MACCATALYST = NO;
				TARGETED_DEVICE_FAMILY = "1,2";
				VALID_ARCHS = "arm64 x86_64";
			};
			name = Release;
		};
/* End XCBuildConfiguration section */

/* Begin XCConfigurationList section */
		3376C9071EC391130007AD59 /* Build configuration list for PBXProject "iDENodeEngine" */ = {
			isa = XCConfigurationList;
			buildConfigurations = (
				3376C9131EC391130007AD59 /* Debug */,
				3376C9141EC391130007AD59 /* Release */,
			);
			defaultConfigurationIsVisible = 0;
			defaultConfigurationName = Release;
		};
		D9A761AB1F7C63A8006AFE86 /* Build configuration list for PBXNativeTarget "iDENodeEngine" */ = {
			isa = XCConfigurationList;
			buildConfigurations = (
				D9A761AC1F7C63A8006AFE86 /* Debug */,
				D9A761AD1F7C63A8006AFE86 /* Release */,
			);
			defaultConfigurationIsVisible = 0;
			defaultConfigurationName = Release;
		};
/* End XCConfigurationList section */
	};
	rootObject = 3376C9041EC391130007AD59 /* Project object */;
}
